Microsoft Visual Studio Solution File, Format Version 11.00
# Visual Studio 2008

Project("{574C38F0-4A47-68FE-6983-7069EC5E7A8F}") = "Naves_Arcade_Daniel_PlataMID9_06", "Assembly-CSharp-firstpass.csproj", "{B6F95A42-2D9F-5014-B0AF-62A83D3B6492}"
EndProject
Project("{574C38F0-4A47-68FE-6983-7069EC5E7A8F}") = "Naves_Arcade_Daniel_PlataMID9_06", "Assembly-CSharp.csproj", "{465E4FF7-A180-7AA0-516D-75B6783DD8BE}"
EndProject
Project("{574C38F0-4A47-68FE-6983-7069EC5E7A8F}") = "Naves_Arcade_Daniel_PlataMID9_06", "Assembly-CSharp-Editor.csproj", "{B193C582-E222-D755-B6D3-112F847374E9}"
EndProject
Global
	GlobalSection(SolutionConfigurationPlatforms) = preSolution
		Debug|Any CPU = Debug|Any CPU
		Release|Any CPU = Release|Any CPU
	EndGlobalSection
	GlobalSection(ProjectConfigurationPlatforms) = postSolution
		{B6F95A42-2D9F-5014-B0AF-62A83D3B6492}.Debug|Any CPU.ActiveCfg = Debug|Any CPU
		{B6F95A42-2D9F-5014-B0AF-62A83D3B6492}.Debug|Any CPU.Build.0 = Debug|Any CPU
		{B6F95A42-2D9F-5014-B0AF-62A83D3B6492}.Release|Any CPU.ActiveCfg = Release|Any CPU
		{B6F95A42-2D9F-5014-B0AF-62A83D3B6492}.Release|Any CPU.Build.0 = Release|Any CPU
		{465E4FF7-A180-7AA0-516D-75B6783DD8BE}.Debug|Any CPU.ActiveCfg = Debug|Any CPU
		{465E4FF7-A180-7AA0-516D-75B6783DD8BE}.Debug|Any CPU.Build.0 = Debug|Any CPU
		{465E4FF7-A180-7AA0-516D-75B6783DD8BE}.Release|Any CPU.ActiveCfg = Release|Any CPU
		{465E4FF7-A180-7AA0-516D-75B6783DD8BE}.Release|Any CPU.Build.0 = Release|Any CPU
		{B193C582-E222-D755-B6D3-112F847374E9}.Debug|Any CPU.ActiveCfg = Debug|Any CPU
		{B193C582-E222-D755-B6D3-112F847374E9}.Debug|Any CPU.Build.0 = Debug|Any CPU
		{B193C582-E222-D755-B6D3-112F847374E9}.Release|Any CPU.ActiveCfg = Release|Any CPU
		{B193C582-E222-D755-B6D3-112F847374E9}.Release|Any CPU.Build.0 = Release|Any CPU
	EndGlobalSection
	GlobalSection(SolutionProperties) = preSolution
		HideSolutionNode = FALSE
	EndGlobalSection
	GlobalSection(MonoDevelopProperties) = preSolution
		StartupItem = Assembly-CSharp.csproj
	EndGlobalSection
EndGlobal
